
Microsoft Visual Studio Solution File, Format Version 12.00
# Visual Studio 14
VisualStudioVersion = 14.0.24720.0
MinimumVisualStudioVersion = 10.0.40219.1
Project("{FAE04EC0-301F-11D3-BF4B-00C04F79EFBC}") = "MediaPlayer", "MediaPlayer\MediaPlayer.csproj", "{6ECA8E9F-DA36-489F-8067-6BBC89AEF77D}"
EndProject
Global
	GlobalSection(SolutionConfigurationPlatforms) = preSolution
		Debug|Any CPU = Debug|Any CPU
		Release|Any CPU = Release|Any CPU
	EndGlobalSection
	GlobalSection(ProjectConfigurationPlatforms) = postSolution
		{6ECA8E9F-DA36-489F-8067-6BBC89AEF77D}.Debug|Any CPU.ActiveCfg = Debug|Any CPU
		{6ECA8E9F-DA36-489F-8067-6BBC89AEF77D}.Debug|Any CPU.Build.0 = Debug|Any CPU
		{6ECA8E9F-DA36-489F-8067-6BBC89AEF77D}.Release|Any CPU.ActiveCfg = Release|Any CPU
		{6ECA8E9F-DA36-489F-8067-6BBC89AEF77D}.Release|Any CPU.Build.0 = Release|Any CPU
	EndGlobalSection
	GlobalSection(SolutionProperties) = preSolution
		HideSolutionNode = FALSE
	EndGlobalSection
EndGlobal
