
Microsoft Visual Studio Solution File, Format Version 12.00
# Visual Studio 15
VisualStudioVersion = 15.0.27703.2000
MinimumVisualStudioVersion = 10.0.40219.1
Project("{FAE04EC0-301F-11D3-BF4B-00C04F79EFBC}") = "schummeleditor_cshp13c", "schummeleditor_cshp13c\schummeleditor_cshp13c.csproj", "{74D56C41-92B7-486A-ACB7-3E4A08BBE820}"
EndProject
Global
	GlobalSection(SolutionConfigurationPlatforms) = preSolution
		Debug|Any CPU = Debug|Any CPU
		Release|Any CPU = Release|Any CPU
	EndGlobalSection
	GlobalSection(ProjectConfigurationPlatforms) = postSolution
		{74D56C41-92B7-486A-ACB7-3E4A08BBE820}.Debug|Any CPU.ActiveCfg = Debug|Any CPU
		{74D56C41-92B7-486A-ACB7-3E4A08BBE820}.Debug|Any CPU.Build.0 = Debug|Any CPU
		{74D56C41-92B7-486A-ACB7-3E4A08BBE820}.Release|Any CPU.ActiveCfg = Release|Any CPU
		{74D56C41-92B7-486A-ACB7-3E4A08BBE820}.Release|Any CPU.Build.0 = Release|Any CPU
	EndGlobalSection
	GlobalSection(SolutionProperties) = preSolution
		HideSolutionNode = FALSE
	EndGlobalSection
	GlobalSection(ExtensibilityGlobals) = postSolution
		SolutionGuid = {D44C79D8-9E6A-4058-8212-F09B9D32A3CF}
	EndGlobalSection
EndGlobal
