
Microsoft Visual Studio Solution File, Format Version 12.00
# Visual Studio 15
VisualStudioVersion = 15.0.27428.2037
MinimumVisualStudioVersion = 10.0.40219.1
Project("{FAE04EC0-301F-11D3-BF4B-00C04F79EFBC}") = "einsendeaufgabe_0502", "einsendeaufgabe_0502\einsendeaufgabe_0502.csproj", "{2DEDABC7-46A3-4FF5-9B86-15D0E3E62D48}"
EndProject
Global
	GlobalSection(SolutionConfigurationPlatforms) = preSolution
		Debug|Any CPU = Debug|Any CPU
		Release|Any CPU = Release|Any CPU
	EndGlobalSection
	GlobalSection(ProjectConfigurationPlatforms) = postSolution
		{2DEDABC7-46A3-4FF5-9B86-15D0E3E62D48}.Debug|Any CPU.ActiveCfg = Debug|Any CPU
		{2DEDABC7-46A3-4FF5-9B86-15D0E3E62D48}.Debug|Any CPU.Build.0 = Debug|Any CPU
		{2DEDABC7-46A3-4FF5-9B86-15D0E3E62D48}.Release|Any CPU.ActiveCfg = Release|Any CPU
		{2DEDABC7-46A3-4FF5-9B86-15D0E3E62D48}.Release|Any CPU.Build.0 = Release|Any CPU
	EndGlobalSection
	GlobalSection(SolutionProperties) = preSolution
		HideSolutionNode = FALSE
	EndGlobalSection
	GlobalSection(ExtensibilityGlobals) = postSolution
		SolutionGuid = {2FDFDF67-2AFA-4D77-A7A8-AF2E00B14C20}
	EndGlobalSection
EndGlobal
