
Microsoft Visual Studio Solution File, Format Version 12.00
# Visual Studio 15
VisualStudioVersion = 15.0.27428.2037
MinimumVisualStudioVersion = 10.0.40219.1
Project("{FAE04EC0-301F-11D3-BF4B-00C04F79EFBC}") = "einsendeaufgabe_0503", "einsendeaufgabe_0503\einsendeaufgabe_0503.csproj", "{19000480-378A-44AE-8CB0-8FD336976C64}"
EndProject
Global
	GlobalSection(SolutionConfigurationPlatforms) = preSolution
		Debug|Any CPU = Debug|Any CPU
		Release|Any CPU = Release|Any CPU
	EndGlobalSection
	GlobalSection(ProjectConfigurationPlatforms) = postSolution
		{19000480-378A-44AE-8CB0-8FD336976C64}.Debug|Any CPU.ActiveCfg = Debug|Any CPU
		{19000480-378A-44AE-8CB0-8FD336976C64}.Debug|Any CPU.Build.0 = Debug|Any CPU
		{19000480-378A-44AE-8CB0-8FD336976C64}.Release|Any CPU.ActiveCfg = Release|Any CPU
		{19000480-378A-44AE-8CB0-8FD336976C64}.Release|Any CPU.Build.0 = Release|Any CPU
	EndGlobalSection
	GlobalSection(SolutionProperties) = preSolution
		HideSolutionNode = FALSE
	EndGlobalSection
	GlobalSection(ExtensibilityGlobals) = postSolution
		SolutionGuid = {B39FE660-3E82-49E1-8089-E2115E1EB043}
	EndGlobalSection
EndGlobal
