
Microsoft Visual Studio Solution File, Format Version 12.00
# Visual Studio 15
VisualStudioVersion = 15.0.27703.2000
MinimumVisualStudioVersion = 10.0.40219.1
Project("{FAE04EC0-301F-11D3-BF4B-00C04F79EFBC}") = "bildbetrachter_ueben", "bildbetrachter_ueben\bildbetrachter_ueben.csproj", "{5F7B1384-033D-4F7C-8D0A-05681603B8B1}"
EndProject
Global
	GlobalSection(SolutionConfigurationPlatforms) = preSolution
		Debug|Any CPU = Debug|Any CPU
		Release|Any CPU = Release|Any CPU
	EndGlobalSection
	GlobalSection(ProjectConfigurationPlatforms) = postSolution
		{5F7B1384-033D-4F7C-8D0A-05681603B8B1}.Debug|Any CPU.ActiveCfg = Debug|Any CPU
		{5F7B1384-033D-4F7C-8D0A-05681603B8B1}.Debug|Any CPU.Build.0 = Debug|Any CPU
		{5F7B1384-033D-4F7C-8D0A-05681603B8B1}.Release|Any CPU.ActiveCfg = Release|Any CPU
		{5F7B1384-033D-4F7C-8D0A-05681603B8B1}.Release|Any CPU.Build.0 = Release|Any CPU
	EndGlobalSection
	GlobalSection(SolutionProperties) = preSolution
		HideSolutionNode = FALSE
	EndGlobalSection
	GlobalSection(ExtensibilityGlobals) = postSolution
		SolutionGuid = {1F0B887C-496F-483F-AEF6-D83B76C5116F}
	EndGlobalSection
EndGlobal
