
Microsoft Visual Studio Solution File, Format Version 12.00
# Visual Studio 15
VisualStudioVersion = 15.0.27703.2000
MinimumVisualStudioVersion = 10.0.40219.1
Project("{FAE04EC0-301F-11D3-BF4B-00C04F79EFBC}") = "kreis_cshp10c", "kreis_cshp10c\kreis_cshp10c.csproj", "{C691378B-F87F-4DDF-ADB3-168DDB5FF4F8}"
EndProject
Global
	GlobalSection(SolutionConfigurationPlatforms) = preSolution
		Debug|Any CPU = Debug|Any CPU
		Release|Any CPU = Release|Any CPU
	EndGlobalSection
	GlobalSection(ProjectConfigurationPlatforms) = postSolution
		{C691378B-F87F-4DDF-ADB3-168DDB5FF4F8}.Debug|Any CPU.ActiveCfg = Debug|Any CPU
		{C691378B-F87F-4DDF-ADB3-168DDB5FF4F8}.Debug|Any CPU.Build.0 = Debug|Any CPU
		{C691378B-F87F-4DDF-ADB3-168DDB5FF4F8}.Release|Any CPU.ActiveCfg = Release|Any CPU
		{C691378B-F87F-4DDF-ADB3-168DDB5FF4F8}.Release|Any CPU.Build.0 = Release|Any CPU
	EndGlobalSection
	GlobalSection(SolutionProperties) = preSolution
		HideSolutionNode = FALSE
	EndGlobalSection
	GlobalSection(ExtensibilityGlobals) = postSolution
		SolutionGuid = {7001B08B-65DD-4D37-A1D0-750F03718321}
	EndGlobalSection
EndGlobal
