
Microsoft Visual Studio Solution File, Format Version 12.00
# Visual Studio 15
VisualStudioVersion = 15.0.27428.2037
MinimumVisualStudioVersion = 10.0.40219.1
Project("{FAE04EC0-301F-11D3-BF4B-00C04F79EFBC}") = "einsedeaufgabe0303", "einsedeaufgabe0303\einsedeaufgabe0303.csproj", "{51FD1277-010D-4087-9DCF-E869A56653C6}"
EndProject
Global
	GlobalSection(SolutionConfigurationPlatforms) = preSolution
		Debug|Any CPU = Debug|Any CPU
		Release|Any CPU = Release|Any CPU
	EndGlobalSection
	GlobalSection(ProjectConfigurationPlatforms) = postSolution
		{51FD1277-010D-4087-9DCF-E869A56653C6}.Debug|Any CPU.ActiveCfg = Debug|Any CPU
		{51FD1277-010D-4087-9DCF-E869A56653C6}.Debug|Any CPU.Build.0 = Debug|Any CPU
		{51FD1277-010D-4087-9DCF-E869A56653C6}.Release|Any CPU.ActiveCfg = Release|Any CPU
		{51FD1277-010D-4087-9DCF-E869A56653C6}.Release|Any CPU.Build.0 = Release|Any CPU
	EndGlobalSection
	GlobalSection(SolutionProperties) = preSolution
		HideSolutionNode = FALSE
	EndGlobalSection
	GlobalSection(ExtensibilityGlobals) = postSolution
		SolutionGuid = {62DB4AF1-1E4D-4C63-8BEF-649402087437}
	EndGlobalSection
EndGlobal
